
Microsoft Visual Studio Solution File, Format Version 12.00
# Visual Studio 15
VisualStudioVersion = 15.0.27428.2043
MinimumVisualStudioVersion = 10.0.40219.1
Project("{FAE04EC0-301F-11D3-BF4B-00C04F79EFBC}") = "Banananana", "Banananana.csproj", "{F3ED82CB-9FDB-465C-AA8B-664E02098D68}"
EndProject
Global
	GlobalSection(SolutionConfigurationPlatforms) = preSolution
		Debug|Any CPU = Debug|Any CPU
		Release|Any CPU = Release|Any CPU
	EndGlobalSection
	GlobalSection(ProjectConfigurationPlatforms) = postSolution
		{F3ED82CB-9FDB-465C-AA8B-664E02098D68}.Debug|Any CPU.ActiveCfg = Debug|Any CPU
		{F3ED82CB-9FDB-465C-AA8B-664E02098D68}.Debug|Any CPU.Build.0 = Debug|Any CPU
		{F3ED82CB-9FDB-465C-AA8B-664E02098D68}.Release|Any CPU.ActiveCfg = Release|Any CPU
		{F3ED82CB-9FDB-465C-AA8B-664E02098D68}.Release|Any CPU.Build.0 = Release|Any CPU
	EndGlobalSection
	GlobalSection(SolutionProperties) = preSolution
		HideSolutionNode = FALSE
	EndGlobalSection
	GlobalSection(ExtensibilityGlobals) = postSolution
		SolutionGuid = {CBA09F3C-0B21-45CC-B120-27BC96E4C27A}
	EndGlobalSection
EndGlobal
